// !$*UTF8*$!
{
	archiveVersion = 1;
	classes = {
	};
	objectVersion = 46;
	objects = {

/* Begin PBXBuildFile section */
		7E15C0AF1EA6922400709888 /* AppDelegate.swift in Sources */ = {isa = PBXBuildFile; fileRef = 7E15C0AE1EA6922400709888 /* AppDelegate.swift */; };
		7E15C0B11EA6922400709888 /* ViewController.swift in Sources */ = {isa = PBXBuildFile; fileRef = 7E15C0B01EA6922400709888 /* ViewController.swift */; };
		7E15C0B41EA6922400709888 /* Main.storyboard in Resources */ = {isa = PBXBuildFile; fileRef = 7E15C0B21EA6922400709888 /* Main.storyboard */; };
		7E15C0B61EA6922400709888 /* Assets.xcassets in Resources */ = {isa = PBXBuildFile; fileRef = 7E15C0B51EA6922400709888 /* Assets.xcassets */; };
		7E15C0B91EA6922400709888 /* LaunchScreen.storyboard in Resources */ = {isa = PBXBuildFile; fileRef = 7E15C0B71EA6922400709888 /* LaunchScreen.storyboard */; };
/* End PBXBuildFile section */

/* Begin PBXFileReference section */
		7E15C0AB1EA6922400709888 /* Die Roller.app */ = {isa = PBXFileReference; explicitFileType = wrapper.application; includeInIndex = 0; path = "Die Roller.app"; sourceTree = BUILT_PRODUCTS_DIR; };
		7E15C0AE1EA6922400709888 /* AppDelegate.swift */ = {isa = PBXFileReference; lastKnownFileType = sourcecode.swift; path = AppDelegate.swift; sourceTree = "<group>"; };
		7E15C0B01EA6922400709888 /* ViewController.swift */ = {isa = PBXFileReference; lastKnownFileType = sourcecode.swift; path = ViewController.swift; sourceTree = "<group>"; };
		7E15C0B31EA6922400709888 /* Base */ = {isa = PBXFileReference; lastKnownFileType = file.storyboard; name = Base; path = Base.lproj/Main.storyboard; sourceTree = "<group>"; };
		7E15C0B51EA6922400709888 /* Assets.xcassets */ = {isa = PBXFileReference; lastKnownFileType = folder.assetcatalog; path = Assets.xcassets; sourceTree = "<group>"; };
		7E15C0B81EA6922400709888 /* Base */ = {isa = PBXFileReference; lastKnownFileType = file.storyboard; name = Base; path = Base.lproj/LaunchScreen.storyboard; sourceTree = "<group>"; };
		7E15C0BA1EA6922400709888 /* Info.plist */ = {isa = PBXFileReference; lastKnownFileType = text.plist.xml; path = Info.plist; sourceTree = "<group>"; };
/* End PBXFileReference section */

/* Begin PBXFrameworksBuildPhase section */
		7E15C0A81EA6922400709888 /* Frameworks */ = {
			isa = PBXFrameworksBuildPhase;
			buildActionMask = 2147483647;
			files = (
			);
			runOnlyForDeploymentPostprocessing = 0;
		};
/* End PBXFrameworksBuildPhase section */

/* Begin PBXGroup section */
		7E15C0A21EA6922400709888 = {
			isa = PBXGroup;
			children = (
				7E15C0AD1EA6922400709888 /* Die Roller */,
				7E15C0AC1EA6922400709888 /* Products */,
			);
			sourceTree = "<group>";
		};
		7E15C0AC1EA6922400709888 /* Products */ = {
			isa = PBXGroup;
			children = (
				7E15C0AB1EA6922400709888 /* Die Roller.app */,
			);
			name = Products;
			sourceTree = "<group>";
		};
		7E15C0AD1EA6922400709888 /* Die Roller */ = {
			isa = PBXGroup;
			children = (
				7E15C0AE1EA6922400709888 /* AppDelegate.swift */,
				7E15C0B01EA6922400709888 /* ViewController.swift */,
				7E15C0B21EA6922400709888 /* Main.storyboard */,
				7E15C0B51EA6922400709888 /* Assets.xcassets */,
				7E15C0B71EA6922400709888 /* LaunchScreen.storyboard */,
				7E15C0BA1EA6922400709888 /* Info.plist */,
			);
			path = "Die Roller";
			sourceTree = "<group>";
		};
/* End PBXGroup section */

/* Begin PBXNativeTarget section */
		7E15C0AA1EA6922400709888 /* Die Roller */ = {
			isa = PBXNativeTarget;
			buildConfigurationList = 7E15C0BD1EA6922400709888 /* Build configuration list for PBXNativeTarget "Die Roller" */;
			buildPhases = (
				7E15C0A71EA6922400709888 /* Sources */,
				7E15C0A81EA6922400709888 /* Frameworks */,
				7E15C0A91EA6922400709888 /* Resources */,
			);
			buildRules = (
			);
			dependencies = (
			);
			name = "Die Roller";
			productName = "Die Roller";
			productReference = 7E15C0AB1EA6922400709888 /* Die Roller.app */;
			productType = "com.apple.product-type.application";
		};
/* End PBXNativeTarget section */

/* Begin PBXProject section */
		7E15C0A31EA6922400709888 /* Project object */ = {
			isa = PBXProject;
			attributes = {
				LastSwiftUpdateCheck = 0830;
				LastUpgradeCheck = 0830;
				ORGANIZATIONNAME = "Mevlan Siqani";
				TargetAttributes = {
					7E15C0AA1EA6922400709888 = {
						CreatedOnToolsVersion = 8.3.1;
						DevelopmentTeam = JSRC8RMDSW;
						ProvisioningStyle = Automatic;
					};
				};
			};
			buildConfigurationList = 7E15C0A61EA6922400709888 /* Build configuration list for PBXProject "Die Roller" */;
			compatibilityVersion = "Xcode 3.2";
			developmentRegion = English;
			hasScannedForEncodings = 0;
			knownRegions = (
				en,
				Base,
			);
			mainGroup = 7E15C0A21EA6922400709888;
			productRefGroup = 7E15C0AC1EA6922400709888 /* Products */;
			projectDirPath = "";
			projectRoot = "";
			targets = (
				7E15C0AA1EA6922400709888 /* Die Roller */,
			);
		};
/* End PBXProject section */

/* Begin PBXResourcesBuildPhase section */
		7E15C0A91EA6922400709888 /* Resources */ = {
			isa = PBXResourcesBuildPhase;
			buildActionMask = 2147483647;
			files = (
				7E15C0B91EA6922400709888 /* LaunchScreen.storyboard in Resources */,
				7E15C0B61EA6922400709888 /* Assets.xcassets in Resources */,
				7E15C0B41EA6922400709888 /* Main.storyboard in Resources */,
			);
			runOnlyForDeploymentPostprocessing = 0;
		};
/* End PBXResourcesBuildPhase section */

/* Begin PBXSourcesBuildPhase section */
		7E15C0A71EA6922400709888 /* Sources */ = {
			isa = PBXSourcesBuildPhase;
			buildActionMask = 2147483647;
			files = (
				7E15C0B11EA6922400709888 /* ViewController.swift in Sources */,
				7E15C0AF1EA6922400709888 /* AppDelegate.swift in Sources */,
			);
			runOnlyForDeploymentPostprocessing = 0;
		};
/* End PBXSourcesBuildPhase section */

/* Begin PBXVariantGroup section */
		7E15C0B21EA6922400709888 /* Main.storyboard */ = {
			isa = PBXVariantGroup;
			children = (
				7E15C0B31EA6922400709888 /* Base */,
			);
			name = Main.storyboard;
			sourceTree = "<group>";
		};
		7E15C0B71EA6922400709888 /* LaunchScreen.storyboard */ = {
			isa = PBXVariantGroup;
			children = (
				7E15C0B81EA6922400709888 /* Base */,
			);
			name = LaunchScreen.storyboard;
			sourceTree = "<group>";
		};
/* End PBXVariantGroup section */

/* Begin XCBuildConfiguration section */
		7E15C0BB1EA6922400709888 /* Debug */ = {
			isa = XCBuildConfiguration;
			buildSettings = {
				ALWAYS_SEARCH_USER_PATHS = NO;
				CLANG_ANALYZER_NONNULL = YES;
				CLANG_ANALYZER_NUMBER_OBJECT_CONVERSION = YES_AGGRESSIVE;
				CLANG_CXX_LANGUAGE_STANDARD = "gnu++0x";
				CLANG_CXX_LIBRARY = "libc++";
				CLANG_ENABLE_MODULES = YES;
				CLANG_ENABLE_OBJC_ARC = YES;
				CLANG_WARN_BOOL_CONVERSION = YES;
				CLANG_WARN_CONSTANT_CONVERSION = YES;
				CLANG_WARN_DIRECT_OBJC_ISA_USAGE = YES_ERROR;
				CLANG_WARN_DOCUMENTATION_COMMENTS = YES;
				CLANG_WARN_EMPTY_BODY = YES;
				CLANG_WARN_ENUM_CONVERSION = YES;
				CLANG_WARN_INFINITE_RECURSION = YES;
				CLANG_WARN_INT_CONVERSION = YES;
				CLANG_WARN_OBJC_ROOT_CLASS = YES_ERROR;
				CLANG_WARN_SUSPICIOUS_MOVE = YES;
				CLANG_WARN_UNREACHABLE_CODE = YES;
				CLANG_WARN__DUPLICATE_METHOD_MATCH = YES;
				"CODE_SIGN_IDENTITY[sdk=iphoneos*]" = "iPhone Developer";
				COPY_PHASE_STRIP = NO;
				DEBUG_INFORMATION_FORMAT = dwarf;
				ENABLE_STRICT_OBJC_MSGSEND = YES;
				ENABLE_TESTABILITY = YES;
				GCC_C_LANGUAGE_STANDARD = gnu99;
				GCC_DYNAMIC_NO_PIC = NO;
				GCC_NO_COMMON_BLOCKS = YES;
				GCC_OPTIMIZATION_LEVEL = 0;
				GCC_PREPROCESSOR_DEFINITIONS = (
					"DEBUG=1",
					"$(inherited)",
				);
				GCC_WARN_64_TO_32_BIT_CONVERSION = YES;
				GCC_WARN_ABOUT_RETURN_TYPE = YES_ERROR;
				GCC_WARN_UNDECLARED_SELECTOR = YES;
				GCC_WARN_UNINITIALIZED_AUTOS = YES_AGGRESSIVE;
				GCC_WARN_UNUSED_FUNCTION = YES;
				GCC_WARN_UNUSED_VARIABLE = YES;
				IPHONEOS_DEPLOYMENT_TARGET = 10.3;
				MTL_ENABLE_DEBUG_INFO = YES;
				ONLY_ACTIVE_ARCH = YES;
				SDKROOT = iphoneos;
				SWIFT_ACTIVE_COMPILATION_CONDITIONS = DEBUG;
				SWIFT_OPTIMIZATION_LEVEL = "-Onone";
				TARGETED_DEVICE_FAMILY = "1,2";
			};
			name = Debug;
		};
		7E15C0BC1EA6922400709888 /* Release */ = {
			isa = XCBuildConfiguration;
			buildSettings = {
				ALWAYS_SEARCH_USER_PATHS = NO;
				CLANG_ANALYZER_NONNULL = YES;
				CLANG_ANALYZER_NUMBER_OBJECT_CONVERSION = YES_AGGRESSIVE;
				CLANG_CXX_LANGUAGE_STANDARD = "gnu++0x";
				CLANG_CXX_LIBRARY = "libc++";
				CLANG_ENABLE_MODULES = YES;
				CLANG_ENABLE_OBJC_ARC = YES;
				CLANG_WARN_BOOL_CONVERSION = YES;
				CLANG_WARN_CONSTANT_CONVERSION = YES;
				CLANG_WARN_DIRECT_OBJC_ISA_USAGE = YES_ERROR;
				CLANG_WARN_DOCUMENTATION_COMMENTS = YES;
				CLANG_WARN_EMPTY_BODY = YES;
				CLANG_WARN_ENUM_CONVERSION = YES;
				CLANG_WARN_INFINITE_RECURSION = YES;
				CLANG_WARN_INT_CONVERSION = YES;
				CLANG_WARN_OBJC_ROOT_CLASS = YES_ERROR;
				CLANG_WARN_SUSPICIOUS_MOVE = YES;
				CLANG_WARN_UNREACHABLE_CODE = YES;
				CLANG_WARN__DUPLICATE_METHOD_MATCH = YES;
				"CODE_SIGN_IDENTITY[sdk=iphoneos*]" = "iPhone Developer";
				COPY_PHASE_STRIP = NO;
				DEBUG_INFORMATION_FORMAT = "dwarf-with-dsym";
				ENABLE_NS_ASSERTIONS = NO;
				ENABLE_STRICT_OBJC_MSGSEND = YES;
				GCC_C_LANGUAGE_STANDARD = gnu99;
				GCC_NO_COMMON_BLOCKS = YES;
				GCC_WARN_64_TO_32_BIT_CONVERSION = YES;
				GCC_WARN_ABOUT_RETURN_TYPE = YES_ERROR;
				GCC_WARN_UNDECLARED_SELECTOR = YES;
				GCC_WARN_UNINITIALIZED_AUTOS = YES_AGGRESSIVE;
				GCC_WARN_UNUSED_FUNCTION = YES;
				GCC_WARN_UNUSED_VARIABLE = YES;
				IPHONEOS_DEPLOYMENT_TARGET = 10.3;
				MTL_ENABLE_DEBUG_INFO = NO;
				SDKROOT = iphoneos;
				SWIFT_OPTIMIZATION_LEVEL = "-Owholemodule";
				TARGETED_DEVICE_FAMILY = "1,2";
				VALIDATE_PRODUCT = YES;
			};
			name = Release;
		};
		7E15C0BE1EA6922400709888 /* Debug */ = {
			isa = XCBuildConfiguration;
			buildSettings = {
				ASSETCATALOG_COMPILER_APPICON_NAME = AppIcon;
				DEVELOPMENT_TEAM = JSRC8RMDSW;
				INFOPLIST_FILE = "Die Roller/Info.plist";
				LD_RUNPATH_SEARCH_PATHS = "$(inherited) @executable_path/Frameworks";
				PRODUCT_BUNDLE_IDENTIFIER = "msiqani.Die-Roller";
				PRODUCT_NAME = "$(TARGET_NAME)";
				SWIFT_VERSION = 3.0;
			};
			name = Debug;
		};
		7E15C0BF1EA6922400709888 /* Release */ = {
			isa = XCBuildConfiguration;
			buildSettings = {
				ASSETCATALOG_COMPILER_APPICON_NAME = AppIcon;
				DEVELOPMENT_TEAM = JSRC8RMDSW;
				INFOPLIST_FILE = "Die Roller/Info.plist";
				LD_RUNPATH_SEARCH_PATHS = "$(inherited) @executable_path/Frameworks";
				PRODUCT_BUNDLE_IDENTIFIER = "msiqani.Die-Roller";
				PRODUCT_NAME = "$(TARGET_NAME)";
				SWIFT_VERSION = 3.0;
			};
			name = Release;
		};
/* End XCBuildConfiguration section */

/* Begin XCConfigurationList section */
		7E15C0A61EA6922400709888 /* Build configuration list for PBXProject "Die Roller" */ = {
			isa = XCConfigurationList;
			buildConfigurations = (
				7E15C0BB1EA6922400709888 /* Debug */,
				7E15C0BC1EA6922400709888 /* Release */,
			);
			defaultConfigurationIsVisible = 0;
			defaultConfigurationName = Release;
		};
		7E15C0BD1EA6922400709888 /* Build configuration list for PBXNativeTarget "Die Roller" */ = {
			isa = XCConfigurationList;
			buildConfigurations = (
				7E15C0BE1EA6922400709888 /* Debug */,
				7E15C0BF1EA6922400709888 /* Release */,
			);
			defaultConfigurationIsVisible = 0;
		};
/* End XCConfigurationList section */
	};
	rootObject = 7E15C0A31EA6922400709888 /* Project object */;
}
